
Microsoft Visual Studio Solution File, Format Version 12.00
# Visual Studio Version 17
VisualStudioVersion = 17.7.34009.444
MinimumVisualStudioVersion = 10.0.40219.1
Project("{9A19103F-16F7-4668-BE54-9A1E7A4F7556}") = "CodingTracker", "CodingTracker.csproj", "{8B35C323-1CA1-4EAA-BDD1-0A1D36B646E3}"
EndProject
Project("{FAE04EC0-301F-11D3-BF4B-00C04F79EFBC}") = "CodingTracker.Tests", "..\CodingTracker.Tests\CodingTracker.Tests.csproj", "{73B70CD8-E1EB-45B7-AD01-B47303ED5706}"
EndProject
Global
	GlobalSection(SolutionConfigurationPlatforms) = preSolution
		Debug|Any CPU = Debug|Any CPU
		Release|Any CPU = Release|Any CPU
	EndGlobalSection
	GlobalSection(ProjectConfigurationPlatforms) = postSolution
		{8B35C323-1CA1-4EAA-BDD1-0A1D36B646E3}.Debug|Any CPU.ActiveCfg = Debug|Any CPU
		{8B35C323-1CA1-4EAA-BDD1-0A1D36B646E3}.Debug|Any CPU.Build.0 = Debug|Any CPU
		{8B35C323-1CA1-4EAA-BDD1-0A1D36B646E3}.Release|Any CPU.ActiveCfg = Release|Any CPU
		{8B35C323-1CA1-4EAA-BDD1-0A1D36B646E3}.Release|Any CPU.Build.0 = Release|Any CPU
		{73B70CD8-E1EB-45B7-AD01-B47303ED5706}.Debug|Any CPU.ActiveCfg = Debug|Any CPU
		{73B70CD8-E1EB-45B7-AD01-B47303ED5706}.Debug|Any CPU.Build.0 = Debug|Any CPU
		{73B70CD8-E1EB-45B7-AD01-B47303ED5706}.Release|Any CPU.ActiveCfg = Release|Any CPU
		{73B70CD8-E1EB-45B7-AD01-B47303ED5706}.Release|Any CPU.Build.0 = Release|Any CPU
	EndGlobalSection
	GlobalSection(SolutionProperties) = preSolution
		HideSolutionNode = FALSE
	EndGlobalSection
	GlobalSection(ExtensibilityGlobals) = postSolution
		SolutionGuid = {BADD795D-FFF9-4419-9F6D-67E688F82806}
	EndGlobalSection
EndGlobal
